
Microsoft Visual Studio Solution File, Format Version 12.00
# Visual Studio Version 17
VisualStudioVersion = 17.8.34322.80
MinimumVisualStudioVersion = 10.0.40219.1
Project("{FAE04EC0-301F-11D3-BF4B-00C04F79EFBC}") = "AribethBot", "AribethBot.csproj", "{DB5320EF-8832-489A-953C-BC2319E6EFB8}"
EndProject
Global
	GlobalSection(SolutionConfigurationPlatforms) = preSolution
		Debug|Any CPU = Debug|Any CPU
		Release|Any CPU = Release|Any CPU
	EndGlobalSection
	GlobalSection(ProjectConfigurationPlatforms) = postSolution
		{DB5320EF-8832-489A-953C-BC2319E6EFB8}.Debug|Any CPU.ActiveCfg = Debug|Any CPU
		{DB5320EF-8832-489A-953C-BC2319E6EFB8}.Debug|Any CPU.Build.0 = Debug|Any CPU
		{DB5320EF-8832-489A-953C-BC2319E6EFB8}.Release|Any CPU.ActiveCfg = Release|Any CPU
		{DB5320EF-8832-489A-953C-BC2319E6EFB8}.Release|Any CPU.Build.0 = Release|Any CPU
	EndGlobalSection
	GlobalSection(SolutionProperties) = preSolution
		HideSolutionNode = FALSE
	EndGlobalSection
	GlobalSection(ExtensibilityGlobals) = postSolution
		SolutionGuid = {3F5FCAD8-80F8-43A8-B984-2BA16E64FC2E}
	EndGlobalSection
EndGlobal
